
Microsoft Visual Studio Solution File, Format Version 12.00
# Visual Studio Version 16
VisualStudioVersion = 16.0.31205.134
MinimumVisualStudioVersion = 10.0.40219.1
Project("{9A19103F-16F7-4668-BE54-9A1E7A4F7556}") = "MarketData", "MarketData\MarketData.csproj", "{5E3838EE-E142-41CD-A637-24C62DC642C9}"
EndProject
Project("{9A19103F-16F7-4668-BE54-9A1E7A4F7556}") = "MarketData.Processes", "MarketData.Processes\MarketData.Processes.csproj", "{F6FD283F-E5B1-43A9-843F-F23CCCFA37EF}"
EndProject
Project("{9A19103F-16F7-4668-BE54-9A1E7A4F7556}") = "MarketData.Model", "MarketData.Model\MarketData.Model.csproj", "{B0761E6A-2433-405C-A381-839741462375}"
EndProject
Project("{9A19103F-16F7-4668-BE54-9A1E7A4F7556}") = "MarketData.Helper", "MarketData.Helper\MarketData.Helper.csproj", "{DD90D207-9C91-4C53-9190-209CA1E179EE}"
EndProject
Project("{9A19103F-16F7-4668-BE54-9A1E7A4F7556}") = "MarketData.Repositories", "MarketData.Repositories\MarketData.Repositories.csproj", "{57D1A4A4-C93F-44A4-B7AA-AD4F1E96F976}"
EndProject
Project("{2150E333-8FDC-42A3-9474-1A3956D46DE8}") = "Solution Items", "Solution Items", "{FD515602-F1FC-42CB-BA0C-6E8597A26F70}"
	ProjectSection(SolutionItems) = preProject
		nuget.config = nuget.config
	EndProjectSection
EndProject
Global
	GlobalSection(SolutionConfigurationPlatforms) = preSolution
		Debug|Any CPU = Debug|Any CPU
		Release|Any CPU = Release|Any CPU
	EndGlobalSection
	GlobalSection(ProjectConfigurationPlatforms) = postSolution
		{5E3838EE-E142-41CD-A637-24C62DC642C9}.Debug|Any CPU.ActiveCfg = Debug|Any CPU
		{5E3838EE-E142-41CD-A637-24C62DC642C9}.Debug|Any CPU.Build.0 = Debug|Any CPU
		{5E3838EE-E142-41CD-A637-24C62DC642C9}.Release|Any CPU.ActiveCfg = Release|Any CPU
		{5E3838EE-E142-41CD-A637-24C62DC642C9}.Release|Any CPU.Build.0 = Release|Any CPU
		{F6FD283F-E5B1-43A9-843F-F23CCCFA37EF}.Debug|Any CPU.ActiveCfg = Debug|Any CPU
		{F6FD283F-E5B1-43A9-843F-F23CCCFA37EF}.Debug|Any CPU.Build.0 = Debug|Any CPU
		{F6FD283F-E5B1-43A9-843F-F23CCCFA37EF}.Release|Any CPU.ActiveCfg = Release|Any CPU
		{F6FD283F-E5B1-43A9-843F-F23CCCFA37EF}.Release|Any CPU.Build.0 = Release|Any CPU
		{B0761E6A-2433-405C-A381-839741462375}.Debug|Any CPU.ActiveCfg = Debug|Any CPU
		{B0761E6A-2433-405C-A381-839741462375}.Debug|Any CPU.Build.0 = Debug|Any CPU
		{B0761E6A-2433-405C-A381-839741462375}.Release|Any CPU.ActiveCfg = Release|Any CPU
		{B0761E6A-2433-405C-A381-839741462375}.Release|Any CPU.Build.0 = Release|Any CPU
		{DD90D207-9C91-4C53-9190-209CA1E179EE}.Debug|Any CPU.ActiveCfg = Debug|Any CPU
		{DD90D207-9C91-4C53-9190-209CA1E179EE}.Debug|Any CPU.Build.0 = Debug|Any CPU
		{DD90D207-9C91-4C53-9190-209CA1E179EE}.Release|Any CPU.ActiveCfg = Release|Any CPU
		{DD90D207-9C91-4C53-9190-209CA1E179EE}.Release|Any CPU.Build.0 = Release|Any CPU
		{57D1A4A4-C93F-44A4-B7AA-AD4F1E96F976}.Debug|Any CPU.ActiveCfg = Debug|Any CPU
		{57D1A4A4-C93F-44A4-B7AA-AD4F1E96F976}.Debug|Any CPU.Build.0 = Debug|Any CPU
		{57D1A4A4-C93F-44A4-B7AA-AD4F1E96F976}.Release|Any CPU.ActiveCfg = Release|Any CPU
		{57D1A4A4-C93F-44A4-B7AA-AD4F1E96F976}.Release|Any CPU.Build.0 = Release|Any CPU
	EndGlobalSection
	GlobalSection(SolutionProperties) = preSolution
		HideSolutionNode = FALSE
	EndGlobalSection
	GlobalSection(ExtensibilityGlobals) = postSolution
		SolutionGuid = {2E750EBA-7891-4F3F-A5A5-96A756255DAD}
	EndGlobalSection
EndGlobal
